
Microsoft Visual Studio Solution File, Format Version 12.00
# Visual Studio Version 17
VisualStudioVersion = 17.0.32112.339
MinimumVisualStudioVersion = 10.0.40219.1
Project("{2150E333-8FDC-42A3-9474-1A3956D46DE8}") = "Infrastructure", "Infrastructure", "{745251AE-5D06-4FA9-BFEF-867FFC373165}"
EndProject
Project("{2150E333-8FDC-42A3-9474-1A3956D46DE8}") = "Domain", "Domain", "{DE73C9FF-3BC6-4A1A-8BAE-957C7661481D}"
EndProject
Project("{2150E333-8FDC-42A3-9474-1A3956D46DE8}") = "Application", "Application", "{6C402F39-56B4-481F-A123-7384C7F4D654}"
EndProject
Project("{2150E333-8FDC-42A3-9474-1A3956D46DE8}") = "Services", "Services", "{093213E5-4A27-4054-AC0F-BADDC1102582}"
EndProject
Project("{2150E333-8FDC-42A3-9474-1A3956D46DE8}") = "Transversal", "Transversal", "{032C2E48-A7F8-42D6-B9E0-70B5998F141E}"
EndProject
Project("{9A19103F-16F7-4668-BE54-9A1E7A4F7556}") = "RocWay.Transversal.Common", "RocWay.Transversal.Common\RocWay.Transversal.Common.csproj", "{B512E1E6-9BAD-4E5A-AD56-6126B813DEE6}"
EndProject
Project("{9A19103F-16F7-4668-BE54-9A1E7A4F7556}") = "RocWay.Infrastructure.Data.EFCore", "RocWay.Infrastructure.Data.EFCore\RocWay.Infrastructure.Data.EFCore.csproj", "{F4E0F7D6-52A7-419E-BDD6-882D7B88CEB9}"
EndProject
Project("{9A19103F-16F7-4668-BE54-9A1E7A4F7556}") = "RocWay.Domain.Entities", "RocWay.Domain.Entities\RocWay.Domain.Entities.csproj", "{46B3D94C-6067-4CA3-B32C-A88D529B39E8}"
EndProject
Project("{9A19103F-16F7-4668-BE54-9A1E7A4F7556}") = "RocWay.Infrastructure.Interface", "RocWay.Infrastructure.Interface\RocWay.Infrastructure.Interface.csproj", "{315C3C01-24B7-44BB-9415-6BA9D70BB69E}"
EndProject
Project("{9A19103F-16F7-4668-BE54-9A1E7A4F7556}") = "RocWay.Infrastructure.Repository.EFCore", "RocWay.Infrastructure.Repository.EFCore\RocWay.Infrastructure.Repository.EFCore.csproj", "{254C0127-0501-49F4-BD60-BEC343B158F8}"
EndProject
Project("{9A19103F-16F7-4668-BE54-9A1E7A4F7556}") = "RocWay.Domain.Interface", "RocWay.Domain.Interface\RocWay.Domain.Interface.csproj", "{1E795154-2FE8-4B2C-83A6-EC131074BDD3}"
EndProject
Project("{9A19103F-16F7-4668-BE54-9A1E7A4F7556}") = "RocWay.Domain.Core", "RocWay.Domain.Core\RocWay.Domain.Core.csproj", "{4515F40D-E01A-4431-87EB-62A9F3BA6B10}"
EndProject
Project("{9A19103F-16F7-4668-BE54-9A1E7A4F7556}") = "RocWay.Application.DTO", "RocWay.Aplication.DTO\RocWay.Application.DTO.csproj", "{74EDB0F6-524A-4AA0-8874-7C3C1D2B1BA5}"
EndProject
Project("{9A19103F-16F7-4668-BE54-9A1E7A4F7556}") = "RocWay.Application.Interface", "RocWay.Aplication.Interface\RocWay.Application.Interface.csproj", "{43996C1B-FEDF-4F1F-A1C4-7B8A0C42B43E}"
EndProject
Project("{9A19103F-16F7-4668-BE54-9A1E7A4F7556}") = "RocWay.Application.Main", "RocWay.Aplication.Main\RocWay.Application.Main.csproj", "{C97EE559-3C91-4174-90F2-186A613B7063}"
EndProject
Project("{2150E333-8FDC-42A3-9474-1A3956D46DE8}") = "Test", "Test", "{68400B41-76B7-45DA-8296-1C2328EC0F41}"
EndProject
Project("{2150E333-8FDC-42A3-9474-1A3956D46DE8}") = "Presentation", "Presentation", "{79D9841E-C063-4BD1-86EE-08C4578FD68A}"
EndProject
Project("{9A19103F-16F7-4668-BE54-9A1E7A4F7556}") = "RocWay.Api", "RocWay.Api\RocWay.Api.csproj", "{BF8039AC-E611-4105-9897-56A3F9D36201}"
EndProject
Project("{9A19103F-16F7-4668-BE54-9A1E7A4F7556}") = "RocWay.Web", "RocWay.Web\RocWay.Web.csproj", "{D768B04F-CECC-4DBF-AC98-8A381EE20E5B}"
EndProject
Project("{9A19103F-16F7-4668-BE54-9A1E7A4F7556}") = "RocWay.Application.Validator", "RocWay.Aplication.Validator\RocWay.Application.Validator.csproj", "{A45A035C-6E0D-4640-BE9C-4A12F6C93CA4}"
EndProject
Project("{9A19103F-16F7-4668-BE54-9A1E7A4F7556}") = "RocWay.Transversal.Loggin", "RocWay.Transversal.Loggin\RocWay.Transversal.Loggin.csproj", "{4CE63C2F-6628-4817-B5BA-C33598F1DCAA}"
EndProject
Project("{9A19103F-16F7-4668-BE54-9A1E7A4F7556}") = "RocWay.Transversal.Modules", "RocWay.Transversal.Modules\RocWay.Transversal.Modules.csproj", "{67931AE4-3E7F-4C12-83AD-CF58B1CDFC3E}"
EndProject
Global
	GlobalSection(SolutionConfigurationPlatforms) = preSolution
		Debug|Any CPU = Debug|Any CPU
		Release|Any CPU = Release|Any CPU
	EndGlobalSection
	GlobalSection(ProjectConfigurationPlatforms) = postSolution
		{B512E1E6-9BAD-4E5A-AD56-6126B813DEE6}.Debug|Any CPU.ActiveCfg = Debug|Any CPU
		{B512E1E6-9BAD-4E5A-AD56-6126B813DEE6}.Debug|Any CPU.Build.0 = Debug|Any CPU
		{B512E1E6-9BAD-4E5A-AD56-6126B813DEE6}.Release|Any CPU.ActiveCfg = Release|Any CPU
		{B512E1E6-9BAD-4E5A-AD56-6126B813DEE6}.Release|Any CPU.Build.0 = Release|Any CPU
		{F4E0F7D6-52A7-419E-BDD6-882D7B88CEB9}.Debug|Any CPU.ActiveCfg = Debug|Any CPU
		{F4E0F7D6-52A7-419E-BDD6-882D7B88CEB9}.Debug|Any CPU.Build.0 = Debug|Any CPU
		{F4E0F7D6-52A7-419E-BDD6-882D7B88CEB9}.Release|Any CPU.ActiveCfg = Release|Any CPU
		{F4E0F7D6-52A7-419E-BDD6-882D7B88CEB9}.Release|Any CPU.Build.0 = Release|Any CPU
		{46B3D94C-6067-4CA3-B32C-A88D529B39E8}.Debug|Any CPU.ActiveCfg = Debug|Any CPU
		{46B3D94C-6067-4CA3-B32C-A88D529B39E8}.Debug|Any CPU.Build.0 = Debug|Any CPU
		{46B3D94C-6067-4CA3-B32C-A88D529B39E8}.Release|Any CPU.ActiveCfg = Release|Any CPU
		{46B3D94C-6067-4CA3-B32C-A88D529B39E8}.Release|Any CPU.Build.0 = Release|Any CPU
		{315C3C01-24B7-44BB-9415-6BA9D70BB69E}.Debug|Any CPU.ActiveCfg = Debug|Any CPU
		{315C3C01-24B7-44BB-9415-6BA9D70BB69E}.Debug|Any CPU.Build.0 = Debug|Any CPU
		{315C3C01-24B7-44BB-9415-6BA9D70BB69E}.Release|Any CPU.ActiveCfg = Release|Any CPU
		{315C3C01-24B7-44BB-9415-6BA9D70BB69E}.Release|Any CPU.Build.0 = Release|Any CPU
		{254C0127-0501-49F4-BD60-BEC343B158F8}.Debug|Any CPU.ActiveCfg = Debug|Any CPU
		{254C0127-0501-49F4-BD60-BEC343B158F8}.Debug|Any CPU.Build.0 = Debug|Any CPU
		{254C0127-0501-49F4-BD60-BEC343B158F8}.Release|Any CPU.ActiveCfg = Release|Any CPU
		{254C0127-0501-49F4-BD60-BEC343B158F8}.Release|Any CPU.Build.0 = Release|Any CPU
		{1E795154-2FE8-4B2C-83A6-EC131074BDD3}.Debug|Any CPU.ActiveCfg = Debug|Any CPU
		{1E795154-2FE8-4B2C-83A6-EC131074BDD3}.Debug|Any CPU.Build.0 = Debug|Any CPU
		{1E795154-2FE8-4B2C-83A6-EC131074BDD3}.Release|Any CPU.ActiveCfg = Release|Any CPU
		{1E795154-2FE8-4B2C-83A6-EC131074BDD3}.Release|Any CPU.Build.0 = Release|Any CPU
		{4515F40D-E01A-4431-87EB-62A9F3BA6B10}.Debug|Any CPU.ActiveCfg = Debug|Any CPU
		{4515F40D-E01A-4431-87EB-62A9F3BA6B10}.Debug|Any CPU.Build.0 = Debug|Any CPU
		{4515F40D-E01A-4431-87EB-62A9F3BA6B10}.Release|Any CPU.ActiveCfg = Release|Any CPU
		{4515F40D-E01A-4431-87EB-62A9F3BA6B10}.Release|Any CPU.Build.0 = Release|Any CPU
		{74EDB0F6-524A-4AA0-8874-7C3C1D2B1BA5}.Debug|Any CPU.ActiveCfg = Debug|Any CPU
		{74EDB0F6-524A-4AA0-8874-7C3C1D2B1BA5}.Debug|Any CPU.Build.0 = Debug|Any CPU
		{74EDB0F6-524A-4AA0-8874-7C3C1D2B1BA5}.Release|Any CPU.ActiveCfg = Release|Any CPU
		{74EDB0F6-524A-4AA0-8874-7C3C1D2B1BA5}.Release|Any CPU.Build.0 = Release|Any CPU
		{43996C1B-FEDF-4F1F-A1C4-7B8A0C42B43E}.Debug|Any CPU.ActiveCfg = Debug|Any CPU
		{43996C1B-FEDF-4F1F-A1C4-7B8A0C42B43E}.Debug|Any CPU.Build.0 = Debug|Any CPU
		{43996C1B-FEDF-4F1F-A1C4-7B8A0C42B43E}.Release|Any CPU.ActiveCfg = Release|Any CPU
		{43996C1B-FEDF-4F1F-A1C4-7B8A0C42B43E}.Release|Any CPU.Build.0 = Release|Any CPU
		{C97EE559-3C91-4174-90F2-186A613B7063}.Debug|Any CPU.ActiveCfg = Debug|Any CPU
		{C97EE559-3C91-4174-90F2-186A613B7063}.Debug|Any CPU.Build.0 = Debug|Any CPU
		{C97EE559-3C91-4174-90F2-186A613B7063}.Release|Any CPU.ActiveCfg = Release|Any CPU
		{C97EE559-3C91-4174-90F2-186A613B7063}.Release|Any CPU.Build.0 = Release|Any CPU
		{BF8039AC-E611-4105-9897-56A3F9D36201}.Debug|Any CPU.ActiveCfg = Debug|Any CPU
		{BF8039AC-E611-4105-9897-56A3F9D36201}.Debug|Any CPU.Build.0 = Debug|Any CPU
		{BF8039AC-E611-4105-9897-56A3F9D36201}.Release|Any CPU.ActiveCfg = Release|Any CPU
		{BF8039AC-E611-4105-9897-56A3F9D36201}.Release|Any CPU.Build.0 = Release|Any CPU
		{D768B04F-CECC-4DBF-AC98-8A381EE20E5B}.Debug|Any CPU.ActiveCfg = Debug|Any CPU
		{D768B04F-CECC-4DBF-AC98-8A381EE20E5B}.Debug|Any CPU.Build.0 = Debug|Any CPU
		{D768B04F-CECC-4DBF-AC98-8A381EE20E5B}.Release|Any CPU.ActiveCfg = Release|Any CPU
		{D768B04F-CECC-4DBF-AC98-8A381EE20E5B}.Release|Any CPU.Build.0 = Release|Any CPU
		{A45A035C-6E0D-4640-BE9C-4A12F6C93CA4}.Debug|Any CPU.ActiveCfg = Debug|Any CPU
		{A45A035C-6E0D-4640-BE9C-4A12F6C93CA4}.Debug|Any CPU.Build.0 = Debug|Any CPU
		{A45A035C-6E0D-4640-BE9C-4A12F6C93CA4}.Release|Any CPU.ActiveCfg = Release|Any CPU
		{A45A035C-6E0D-4640-BE9C-4A12F6C93CA4}.Release|Any CPU.Build.0 = Release|Any CPU
		{4CE63C2F-6628-4817-B5BA-C33598F1DCAA}.Debug|Any CPU.ActiveCfg = Debug|Any CPU
		{4CE63C2F-6628-4817-B5BA-C33598F1DCAA}.Debug|Any CPU.Build.0 = Debug|Any CPU
		{4CE63C2F-6628-4817-B5BA-C33598F1DCAA}.Release|Any CPU.ActiveCfg = Release|Any CPU
		{4CE63C2F-6628-4817-B5BA-C33598F1DCAA}.Release|Any CPU.Build.0 = Release|Any CPU
		{67931AE4-3E7F-4C12-83AD-CF58B1CDFC3E}.Debug|Any CPU.ActiveCfg = Debug|Any CPU
		{67931AE4-3E7F-4C12-83AD-CF58B1CDFC3E}.Debug|Any CPU.Build.0 = Debug|Any CPU
		{67931AE4-3E7F-4C12-83AD-CF58B1CDFC3E}.Release|Any CPU.ActiveCfg = Release|Any CPU
		{67931AE4-3E7F-4C12-83AD-CF58B1CDFC3E}.Release|Any CPU.Build.0 = Release|Any CPU
	EndGlobalSection
	GlobalSection(SolutionProperties) = preSolution
		HideSolutionNode = FALSE
	EndGlobalSection
	GlobalSection(NestedProjects) = preSolution
		{B512E1E6-9BAD-4E5A-AD56-6126B813DEE6} = {032C2E48-A7F8-42D6-B9E0-70B5998F141E}
		{F4E0F7D6-52A7-419E-BDD6-882D7B88CEB9} = {745251AE-5D06-4FA9-BFEF-867FFC373165}
		{46B3D94C-6067-4CA3-B32C-A88D529B39E8} = {DE73C9FF-3BC6-4A1A-8BAE-957C7661481D}
		{315C3C01-24B7-44BB-9415-6BA9D70BB69E} = {745251AE-5D06-4FA9-BFEF-867FFC373165}
		{254C0127-0501-49F4-BD60-BEC343B158F8} = {745251AE-5D06-4FA9-BFEF-867FFC373165}
		{1E795154-2FE8-4B2C-83A6-EC131074BDD3} = {DE73C9FF-3BC6-4A1A-8BAE-957C7661481D}
		{4515F40D-E01A-4431-87EB-62A9F3BA6B10} = {DE73C9FF-3BC6-4A1A-8BAE-957C7661481D}
		{74EDB0F6-524A-4AA0-8874-7C3C1D2B1BA5} = {6C402F39-56B4-481F-A123-7384C7F4D654}
		{43996C1B-FEDF-4F1F-A1C4-7B8A0C42B43E} = {6C402F39-56B4-481F-A123-7384C7F4D654}
		{C97EE559-3C91-4174-90F2-186A613B7063} = {6C402F39-56B4-481F-A123-7384C7F4D654}
		{BF8039AC-E611-4105-9897-56A3F9D36201} = {093213E5-4A27-4054-AC0F-BADDC1102582}
		{D768B04F-CECC-4DBF-AC98-8A381EE20E5B} = {79D9841E-C063-4BD1-86EE-08C4578FD68A}
		{A45A035C-6E0D-4640-BE9C-4A12F6C93CA4} = {6C402F39-56B4-481F-A123-7384C7F4D654}
		{4CE63C2F-6628-4817-B5BA-C33598F1DCAA} = {032C2E48-A7F8-42D6-B9E0-70B5998F141E}
		{67931AE4-3E7F-4C12-83AD-CF58B1CDFC3E} = {032C2E48-A7F8-42D6-B9E0-70B5998F141E}
	EndGlobalSection
	GlobalSection(ExtensibilityGlobals) = postSolution
		SolutionGuid = {10380221-7563-433D-BB70-6C54DEDABD7C}
	EndGlobalSection
EndGlobal
